# generated by rye
# use `rye lock` or `rye sync` to update this lockfile
#
# last locked with the following flags:
#   pre: false
#   features: []
#   all-features: false
#   with-sources: false

-e file:.
ifaddr==0.2.0
    # via zeroconf
psutil==6.0.0
    # via remoteoscilloscop
pyvisa==1.14.1
    # via pyvisa-py
    # via remoteoscilloscop
pyvisa-py==0.7.2
    # via remoteoscilloscop
typing-extensions==4.12.2
    # via pyvisa
    # via pyvisa-py
zeroconf==0.132.2
    # via remoteoscilloscop
